
Microsoft Visual Studio Solution File, Format Version 12.00
# Visual Studio Version 17
VisualStudioVersion = 17.8.34316.72
MinimumVisualStudioVersion = 10.0.40219.1
Project("{9A19103F-16F7-4668-BE54-9A1E7A4F7556}") = "FurnitureShop", "FurnitureShop\FurnitureShop.csproj", "{6EB6A965-E42E-4311-8967-D9F8F897AC07}"
EndProject
Global
	GlobalSection(SolutionConfigurationPlatforms) = preSolution
		Debug|Any CPU = Debug|Any CPU
		Release|Any CPU = Release|Any CPU
	EndGlobalSection
	GlobalSection(ProjectConfigurationPlatforms) = postSolution
		{6EB6A965-E42E-4311-8967-D9F8F897AC07}.Debug|Any CPU.ActiveCfg = Debug|Any CPU
		{6EB6A965-E42E-4311-8967-D9F8F897AC07}.Debug|Any CPU.Build.0 = Debug|Any CPU
		{6EB6A965-E42E-4311-8967-D9F8F897AC07}.Release|Any CPU.ActiveCfg = Release|Any CPU
		{6EB6A965-E42E-4311-8967-D9F8F897AC07}.Release|Any CPU.Build.0 = Release|Any CPU
	EndGlobalSection
	GlobalSection(SolutionProperties) = preSolution
		HideSolutionNode = FALSE
	EndGlobalSection
	GlobalSection(ExtensibilityGlobals) = postSolution
		SolutionGuid = {54F89229-419A-4CD3-9EE5-F94C5615F57D}
	EndGlobalSection
EndGlobal
